
Microsoft Visual Studio Solution File, Format Version 12.00
# Visual Studio 2012
Project("{FAE04EC0-301F-11D3-BF4B-00C04F79EFBC}") = "G.Excel.Project", "G.Excel.Project\G.Excel.Project.csproj", "{C251AE4E-AA4D-4E0E-8F0E-509ADD8A53D3}"
EndProject
Project("{FAE04EC0-301F-11D3-BF4B-00C04F79EFBC}") = "G.Excel.Common", "G.Excel.Common\G.Excel.Common.csproj", "{9066D513-AA86-461E-B5A8-2FFDD20FA576}"
EndProject
Project("{FAE04EC0-301F-11D3-BF4B-00C04F79EFBC}") = "G.Excel.Logic", "G.Excel.Logic\G.Excel.Logic.csproj", "{2CED2729-BD98-46B9-880D-14053042B19C}"
EndProject
Global
	GlobalSection(SolutionConfigurationPlatforms) = preSolution
		Debug|Any CPU = Debug|Any CPU
		Release|Any CPU = Release|Any CPU
	EndGlobalSection
	GlobalSection(ProjectConfigurationPlatforms) = postSolution
		{C251AE4E-AA4D-4E0E-8F0E-509ADD8A53D3}.Debug|Any CPU.ActiveCfg = Debug|Any CPU
		{C251AE4E-AA4D-4E0E-8F0E-509ADD8A53D3}.Debug|Any CPU.Build.0 = Debug|Any CPU
		{C251AE4E-AA4D-4E0E-8F0E-509ADD8A53D3}.Release|Any CPU.ActiveCfg = Release|Any CPU
		{C251AE4E-AA4D-4E0E-8F0E-509ADD8A53D3}.Release|Any CPU.Build.0 = Release|Any CPU
		{9066D513-AA86-461E-B5A8-2FFDD20FA576}.Debug|Any CPU.ActiveCfg = Debug|Any CPU
		{9066D513-AA86-461E-B5A8-2FFDD20FA576}.Debug|Any CPU.Build.0 = Debug|Any CPU
		{9066D513-AA86-461E-B5A8-2FFDD20FA576}.Release|Any CPU.ActiveCfg = Release|Any CPU
		{9066D513-AA86-461E-B5A8-2FFDD20FA576}.Release|Any CPU.Build.0 = Release|Any CPU
		{2CED2729-BD98-46B9-880D-14053042B19C}.Debug|Any CPU.ActiveCfg = Debug|Any CPU
		{2CED2729-BD98-46B9-880D-14053042B19C}.Debug|Any CPU.Build.0 = Debug|Any CPU
		{2CED2729-BD98-46B9-880D-14053042B19C}.Release|Any CPU.ActiveCfg = Release|Any CPU
		{2CED2729-BD98-46B9-880D-14053042B19C}.Release|Any CPU.Build.0 = Release|Any CPU
	EndGlobalSection
	GlobalSection(SolutionProperties) = preSolution
		HideSolutionNode = FALSE
	EndGlobalSection
EndGlobal
